{
  "name": "moderate-background-blur",
  "version": "1.0.0",
  "lockfileVersion": 3,
  "requires": true,
  "packages": {
    "": {
      "name": "moderate-background-blur",
      "version": "1.0.0",
      "license": "ISC",
      "dependencies": {
        "@vonage/ml-transformers": "^4.3.6"
      }
    },
    "node_modules/@mediapipe/face_detection": {
      "version": "0.4.1646425229",
      "resolved": "https://registry.npmjs.org/@mediapipe/face_detection/-/face_detection-0.4.1646425229.tgz",
      "integrity": "sha512-aeCN+fRAojv9ch3NXorP6r5tcGVLR3/gC1HmtqB0WEZBRXrdP6/3W/sGR0dHr1iT6ueiK95G9PVjbzFosf/hrg=="
    },
    "node_modules/@mediapipe/face_mesh": {
      "version": "0.4.1633559619",
      "resolved": "https://registry.npmjs.org/@mediapipe/face_mesh/-/face_mesh-0.4.1633559619.tgz",
      "integrity": "sha512-Vc8cdjxS5+O2gnjWH9KncYpUCVXT0h714KlWAsyqJvJbIgUJBqpppbIx8yWcAzBDxm/5cYSuBI5p5ySIPxzcEg=="
    },
    "node_modules/@mediapipe/hands": {
      "version": "0.4.1646424915",
      "resolved": "https://registry.npmjs.org/@mediapipe/hands/-/hands-0.4.1646424915.tgz",
      "integrity": "sha512-R1VM3DRCKTA49nVvkprInYUXx8cKisi86y6/9clvYA0vApmLqTjIHQFibJDHwSdy4Rykn2CjWywQAWw5+mGw8w=="
    },
    "node_modules/@mediapipe/holistic": {
      "version": "0.5.1635989137",
      "resolved": "https://registry.npmjs.org/@mediapipe/holistic/-/holistic-0.5.1635989137.tgz",
      "integrity": "sha512-iY1bOZ4QUR1jBwJzmaQI6u3BZLYfOTAdj2S8EgXPp/ngGtcyNN3oaVH3eTGUBzYsBd/MXG1RmDzBPd9e9DyKJw=="
    },
    "node_modules/@mediapipe/objectron": {
      "version": "0.4.1636596145",
      "resolved": "https://registry.npmjs.org/@mediapipe/objectron/-/objectron-0.4.1636596145.tgz",
      "integrity": "sha512-82Ue+loxBVjzUj4OkpW9U29QurZaT86hvoFfOmktwfOhjoxax7COvliAzANlkryM0HN+vCc8Nkcznk6fAcxYDw=="
    },
    "node_modules/@mediapipe/pose": {
      "version": "0.5.1635988162",
      "resolved": "https://registry.npmjs.org/@mediapipe/pose/-/pose-0.5.1635988162.tgz",
      "integrity": "sha512-t0dpl+iG/MTPtPPxEYHyVWo+X7G+qgYUYaB4y9pxavQRNzuQQeHeSmUnT+A8qOKnuB0ccxgyrrFmGUaaL0F3wQ=="
    },
    "node_modules/@mediapipe/selfie_segmentation": {
      "version": "0.1.1632777926",
      "resolved": "https://registry.npmjs.org/@mediapipe/selfie_segmentation/-/selfie_segmentation-0.1.1632777926.tgz",
      "integrity": "sha512-OSGhYaZsdOXKyY0JCueOflq3ICLNMrBekI2V8vShum8wuoH3xjfEM6NnIujwJ5SlTdZEXi7Up2koOILDgQbWyg=="
    },
    "node_modules/@types/dom-mediacapture-transform": {
      "version": "0.1.4",
      "resolved": "https://registry.npmjs.org/@types/dom-mediacapture-transform/-/dom-mediacapture-transform-0.1.4.tgz",
      "integrity": "sha512-G4DI51gU3zp/nCFVP7O5dv3sZ7nVXy3Dqooup8tDhvdzUNeAMiC0XIFGiwH3UHPh/t6L5odMOHwB3BYlY86WKw==",
      "dependencies": {
        "@types/dom-webcodecs": "*"
      }
    },
    "node_modules/@types/dom-webcodecs": {
      "version": "0.1.5",
      "resolved": "https://registry.npmjs.org/@types/dom-webcodecs/-/dom-webcodecs-0.1.5.tgz",
      "integrity": "sha512-dsAE+4ws75W5mmNmIZ7IKZwv4bcz5GgPuA87u+Mk1CeVWB6g7ZwBfizRwBZDeyO12RSxoU3NlRa8jgLYQeSZGg=="
    },
    "node_modules/@types/emscripten": {
      "version": "1.39.6",
      "resolved": "https://registry.npmjs.org/@types/emscripten/-/emscripten-1.39.6.tgz",
      "integrity": "sha512-H90aoynNhhkQP6DRweEjJp5vfUVdIj7tdPLsu7pq89vODD/lcugKfZOsfgwpvM6XUewEp2N5dCg1Uf3Qe55Dcg=="
    },
    "node_modules/@types/node": {
      "version": "17.0.45",
      "resolved": "https://registry.npmjs.org/@types/node/-/node-17.0.45.tgz",
      "integrity": "sha512-w+tIMs3rq2afQdsPJlODhoUEKzFP1ayaoyl1CcnwtIlsVe7K7bA1NGm4s3PraqTLlXnbIN84zuBlxBWo1u9BLw=="
    },
    "node_modules/@types/offscreencanvas": {
      "version": "2019.7.0",
      "resolved": "https://registry.npmjs.org/@types/offscreencanvas/-/offscreencanvas-2019.7.0.tgz",
      "integrity": "sha512-PGcyveRIpL1XIqK8eBsmRBt76eFgtzuPiSTyKHZxnGemp2yzGzWpjYKAfK3wIMiU7eH+851yEpiuP8JZerTmWg=="
    },
    "node_modules/@types/uuid": {
      "version": "9.0.0",
      "resolved": "https://registry.npmjs.org/@types/uuid/-/uuid-9.0.0.tgz",
      "integrity": "sha512-kr90f+ERiQtKWMz5rP32ltJ/BtULDI5RVO0uavn1HQUOwjx0R1h0rnDYNL0CepF1zL5bSY6FISAfd9tOdDhU5Q=="
    },
    "node_modules/@vonage/js-onewebrtc-telemetry": {
      "version": "1.1.1",
      "resolved": "https://registry.npmjs.org/@vonage/js-onewebrtc-telemetry/-/js-onewebrtc-telemetry-1.1.1.tgz",
      "integrity": "sha512-kuNaZhjz1aVWVer2plh9a2EBTqH21sUY3iU0+4KaqeU8S2J8ZezVWnGwK0nH/CnCuRByRoHsusbyGRHKYfFHNw==",
      "dependencies": {
        "@types/uuid": "^9.0.0",
        "@vonage/js-workerizer": "^1.1.1",
        "emittery": "^1.0.1",
        "uuid": "^9.0.0"
      }
    },
    "node_modules/@vonage/js-onewebrtc-telemetry/node_modules/uuid": {
      "version": "9.0.0",
      "resolved": "https://registry.npmjs.org/uuid/-/uuid-9.0.0.tgz",
      "integrity": "sha512-MXcSTerfPa4uqyzStbRoTgt5XIe3x5+42+q1sDuy3R5MDk66URdLMOZe5aPX/SQd+kuYAh0FdP/pO28IkQyTeg==",
      "bin": {
        "uuid": "dist/bin/uuid"
      }
    },
    "node_modules/@vonage/js-workerizer": {
      "version": "1.1.1",
      "resolved": "https://registry.npmjs.org/@vonage/js-workerizer/-/js-workerizer-1.1.1.tgz",
      "integrity": "sha512-50v+x4db9SmBzERTov5o//e7ZHANDF3Hzs+Um8mi25rhist/FJd6rirzxuBR4fJ438QJc4sWxMZsVyO77+Zd5g=="
    },
    "node_modules/@vonage/media-processor": {
      "version": "2.0.2",
      "resolved": "https://registry.npmjs.org/@vonage/media-processor/-/media-processor-2.0.2.tgz",
      "integrity": "sha512-EdKhNFDtX3IQJEku9lfTMuD9H+rg3Wo2u+MWiZMpRMeDHOPsdRSV2mHzg8yhnwhAbFtPLXlf8IKN3xbt1fPDUg==",
      "dependencies": {
        "@types/dom-mediacapture-transform": "^0.1.2",
        "@types/emscripten": "^1.39.6",
        "@types/node": "^17.0.10",
        "@types/offscreencanvas": "^2019.6.4",
        "@types/uuid": "^8.3.4",
        "@vonage/js-onewebrtc-telemetry": "1.1.1",
        "axios": "^0.25.0",
        "emittery": "^0.10.1",
        "typescript-optional": "3.0.0-alpha.3",
        "uuid": "~8.3.2"
      }
    },
    "node_modules/@vonage/media-processor/node_modules/@types/uuid": {
      "version": "8.3.4",
      "resolved": "https://registry.npmjs.org/@types/uuid/-/uuid-8.3.4.tgz",
      "integrity": "sha512-c/I8ZRb51j+pYGAu5CrFMRxqZ2ke4y2grEBO5AUjgSkSk+qT2Ea+OdWElz/OiMf5MNpn2b17kuVBwZLQJXzihw=="
    },
    "node_modules/@vonage/media-processor/node_modules/emittery": {
      "version": "0.10.2",
      "resolved": "https://registry.npmjs.org/emittery/-/emittery-0.10.2.tgz",
      "integrity": "sha512-aITqOwnLanpHLNXZJENbOgjUBeHocD+xsSJmNrjovKBW5HbSpW3d1pEls7GFQPUWXiwG9+0P4GtHfEqC/4M0Iw==",
      "engines": {
        "node": ">=12"
      },
      "funding": {
        "url": "https://github.com/sindresorhus/emittery?sponsor=1"
      }
    },
    "node_modules/@vonage/ml-transformers": {
      "version": "4.3.6",
      "resolved": "https://registry.npmjs.org/@vonage/ml-transformers/-/ml-transformers-4.3.6.tgz",
      "integrity": "sha512-MObojhwC44Uo6TVyqlsS/ibjs9/YqX7+WkPlffmxW2wuD4Ga6wq8OdxCUdUntAdVEfTzo7fylV1r+6U+CsUt2Q==",
      "dependencies": {
        "@mediapipe/face_detection": "0.4.1646425229",
        "@mediapipe/face_mesh": "0.4.1633559619",
        "@mediapipe/hands": "0.4.1646424915",
        "@mediapipe/holistic": "0.5.1635989137",
        "@mediapipe/objectron": "0.4.1636596145",
        "@mediapipe/pose": "0.5.1635988162",
        "@mediapipe/selfie_segmentation": "0.1.1632777926",
        "@types/dom-mediacapture-transform": "^0.1.2",
        "@types/emscripten": "^1.39.6",
        "@types/node": "^17.0.10",
        "@types/offscreencanvas": "^2019.6.4",
        "@vonage/js-onewebrtc-telemetry": "1.1.1",
        "@vonage/js-workerizer": "^1.1.1",
        "@vonage/media-processor": "2.0.2",
        "axios": "^0.25.0",
        "twgl.js": "^5.1.0",
        "typescript-optional": "3.0.0-alpha.3",
        "uuid": "^8.3.2",
        "wasm-feature-detect": "^1.2.11"
      }
    },
    "node_modules/axios": {
      "version": "0.25.0",
      "resolved": "https://registry.npmjs.org/axios/-/axios-0.25.0.tgz",
      "integrity": "sha512-cD8FOb0tRH3uuEe6+evtAbgJtfxr7ly3fQjYcMcuPlgkwVS9xboaVIpcDV+cYQe+yGykgwZCs1pzjntcGa6l5g==",
      "dependencies": {
        "follow-redirects": "^1.14.7"
      }
    },
    "node_modules/emittery": {
      "version": "1.0.1",
      "resolved": "https://registry.npmjs.org/emittery/-/emittery-1.0.1.tgz",
      "integrity": "sha512-2ID6FdrMD9KDLldGesP6317G78K7km/kMcwItRtVFva7I/cSEOIaLpewaUb+YLXVwdAp3Ctfxh/V5zIl1sj7dQ==",
      "engines": {
        "node": ">=14.16"
      },
      "funding": {
        "url": "https://github.com/sindresorhus/emittery?sponsor=1"
      }
    },
    "node_modules/follow-redirects": {
      "version": "1.15.2",
      "resolved": "https://registry.npmjs.org/follow-redirects/-/follow-redirects-1.15.2.tgz",
      "integrity": "sha512-VQLG33o04KaQ8uYi2tVNbdrWp1QWxNNea+nmIB4EVM28v0hmP17z7aG1+wAkNzVq4KeXTq3221ye5qTJP91JwA==",
      "funding": [
        {
          "type": "individual",
          "url": "https://github.com/sponsors/RubenVerborgh"
        }
      ],
      "engines": {
        "node": ">=4.0"
      },
      "peerDependenciesMeta": {
        "debug": {
          "optional": true
        }
      }
    },
    "node_modules/twgl.js": {
      "version": "5.3.0",
      "resolved": "https://registry.npmjs.org/twgl.js/-/twgl.js-5.3.0.tgz",
      "integrity": "sha512-0L2YOZBe9fyNZ3NtvHS5uqJxPfSXxFJtz2RTryY1TMWy8asg6K52naHNVdYTMPH9IteYYwNiwq/nBHC5iEIBXw=="
    },
    "node_modules/typescript-optional": {
      "version": "3.0.0-alpha.3",
      "resolved": "https://registry.npmjs.org/typescript-optional/-/typescript-optional-3.0.0-alpha.3.tgz",
      "integrity": "sha512-X2JbUQA+WK0P8gwiickO6s8yZnX/ufov6zx4hbvdYVqHFTz8fAYoh+8JMKxVzQuh2/aMUvF9KSNqXi4p6pNxuA=="
    },
    "node_modules/uuid": {
      "version": "8.3.2",
      "resolved": "https://registry.npmjs.org/uuid/-/uuid-8.3.2.tgz",
      "integrity": "sha512-+NYs2QeMWy+GWFOEm9xnn6HCDp0l7QBD7ml8zLUmJ+93Q5NF0NocErnwkTkXVFNiX3/fpC6afS8Dhb/gz7R7eg==",
      "bin": {
        "uuid": "dist/bin/uuid"
      }
    },
    "node_modules/wasm-feature-detect": {
      "version": "1.3.0",
      "resolved": "https://registry.npmjs.org/wasm-feature-detect/-/wasm-feature-detect-1.3.0.tgz",
      "integrity": "sha512-w9datO3OReMouWgKOelvu1CozmLK/VbkXOtlzNTanBJpR0uBHyUwS3EYdXf5vBPoHKYS0lpuYo91rpqMNIZM9g=="
    }
  }
}
